{
  "requires": true,
  "lockfileVersion": 1,
  "dependencies": {
    "plain-draggable": {
      "version": "2.5.14",
      "resolved": "https://registry.npmjs.org/plain-draggable/-/plain-draggable-2.5.14.tgz",
      "integrity": "sha512-jJUkj/2lQm6Z3vkbPCYIDiDiOG5aXic18OPld8o+hJ+ZDcuODVX1mKnRoePDugP+/KO/v9FALuQd+rhr+LLJ5w=="
    }
  }
}
